{
  "object": {
    "pins": [
      {
        "package": "swift-commands",
        "repositoryURL": "https://github.com/QiuZhiFei/swift-commands.git",
        "state": {
          "branch": null,
          "revision": "0883a0383038c41b398945b2e6fd233baaacc394",
          "version": "0.6.0"
        }
      }
    ]
  },
  "version": 1
}
